<?xml version="1.0" encoding="utf-8"?>
<Project ToolsVersion="4.0" xmlns="http://schemas.microsoft.com/developer/msbuild/2003">
  <ItemGroup>
    <Filter Include="Исходные файлы">
      <UniqueIdentifier>{4FC737F1-C7A5-4376-A066-2A32D752A2FF}</UniqueIdentifier>
      <Extensions>cpp;c;cc;cxx;c++;cppm;ixx;def;odl;idl;hpj;bat;asm;asmx</Extensions>
    </Filter>
    <Filter Include="Файлы заголовков">
      <UniqueIdentifier>{93995380-89BD-4b04-88EB-625FBE52EBFB}</UniqueIdentifier>
      <Extensions>h;hh;hpp;hxx;h++;hm;inl;inc;ipp;xsd</Extensions>
    </Filter>
    <Filter Include="Файлы ресурсов">
      <UniqueIdentifier>{67DA6AB6-F800-4c08-8B7A-83BB121AAD01}</UniqueIdentifier>
      <Extensions>rc;ico;cur;bmp;dlg;rc2;rct;bin;rgs;gif;jpg;jpeg;jpe;resx;tiff;tif;png;wav;mfcribbon-ms</Extensions>
    </Filter>
  </ItemGroup>
  <ItemGroup>
    <ClCompile Include="Source\Additional\VectorThree\VectorThree.ixx">
      <Filter>Исходные файлы</Filter>
    </ClCompile>
    <ClCompile Include="Source\Additional\VectorThree\VectorThree.cpp">
      <Filter>Исходные файлы</Filter>
    </ClCompile>
    <ClCompile Include="Source\Additional\VectorThree\VectorThreeHash.ixx">
      <Filter>Исходные файлы</Filter>
    </ClCompile>
    <ClCompile Include="Source\main.cpp">
      <Filter>Исходные файлы</Filter>
    </ClCompile>
    <ClCompile Include="Source\Additional\Clock\Clock.ixx">
      <Filter>Исходные файлы</Filter>
    </ClCompile>
    <ClCompile Include="Source\Additional\Clock\Clock.cpp">
      <Filter>Исходные файлы</Filter>
    </ClCompile>
    <ClCompile Include="Source\Additional\SimplexNoise\SimplexNoise.cpp">
      <Filter>Исходные файлы</Filter>
    </ClCompile>
    <ClCompile Include="Source\Additional\SimplexNoise\SimplexNoise.ixx">
      <Filter>Исходные файлы</Filter>
    </ClCompile>
    <ClCompile Include="Source\World\Entity\ActionCondition\ActionCondition.ixx">
      <Filter>Исходные файлы</Filter>
    </ClCompile>
    <ClCompile Include="Source\World\Entity\MoveCondition\MoveCondition.cpp">
      <Filter>Исходные файлы</Filter>
    </ClCompile>
    <ClCompile Include="Source\World\Entity\MoveCondition\MoveCondition.ixx">
      <Filter>Исходные файлы</Filter>
    </ClCompile>
    <ClCompile Include="Source\World\Entity\Entity.cpp">
      <Filter>Исходные файлы</Filter>
    </ClCompile>
    <ClCompile Include="Source\World\Entity\Entity.ixx">
      <Filter>Исходные файлы</Filter>
    </ClCompile>
    <ClCompile Include="Source\World\Entity\EntityIdentification.ixx">
      <Filter>Исходные файлы</Filter>
    </ClCompile>
    <ClCompile Include="Source\World\Bounds\Bounds.ixx">
      <Filter>Исходные файлы</Filter>
    </ClCompile>
    <ClCompile Include="Source\World\Chunk\Block\Block.cpp">
      <Filter>Исходные файлы</Filter>
    </ClCompile>
    <ClCompile Include="Source\World\Chunk\Block\Block.ixx">
      <Filter>Исходные файлы</Filter>
    </ClCompile>
    <ClCompile Include="Source\World\Chunk\Block\BlockIdentification.ixx">
      <Filter>Исходные файлы</Filter>
    </ClCompile>
    <ClCompile Include="Source\World\Chunk\Chunk.cpp">
      <Filter>Исходные файлы</Filter>
    </ClCompile>
    <ClCompile Include="Source\World\Chunk\Chunk.ixx">
      <Filter>Исходные файлы</Filter>
    </ClCompile>
    <ClCompile Include="Source\World\Generator\Generator.cpp">
      <Filter>Исходные файлы</Filter>
    </ClCompile>
    <ClCompile Include="Source\World\Generator\Generator.ixx">
      <Filter>Исходные файлы</Filter>
    </ClCompile>
    <ClCompile Include="Source\World\Parameters\Parameters.cpp">
      <Filter>Исходные файлы</Filter>
    </ClCompile>
    <ClCompile Include="Source\World\Parameters\Parameters.ixx">
      <Filter>Исходные файлы</Filter>
    </ClCompile>
    <ClCompile Include="Source\World\Player\Player.cpp">
      <Filter>Исходные файлы</Filter>
    </ClCompile>
    <ClCompile Include="Source\World\Player\Player.ixx">
      <Filter>Исходные файлы</Filter>
    </ClCompile>
    <ClCompile Include="Source\World\World.cpp">
      <Filter>Исходные файлы</Filter>
    </ClCompile>
    <ClCompile Include="Source\World\World.ixx">
      <Filter>Исходные файлы</Filter>
    </ClCompile>
    <ClCompile Include="Source\Application\Interface\Button\Button.ixx">
      <Filter>Исходные файлы</Filter>
    </ClCompile>
    <ClCompile Include="Source\Application\Interface\Button\Button.cpp">
      <Filter>Исходные файлы</Filter>
    </ClCompile>
    <ClCompile Include="Source\Application\Interface\Button\EnterButton\EnterButton.ixx">
      <Filter>Исходные файлы</Filter>
    </ClCompile>
    <ClCompile Include="Source\Application\Interface\Button\EnterButton\EnterButton.cpp">
      <Filter>Исходные файлы</Filter>
    </ClCompile>
    <ClCompile Include="Source\Application\Resources\Resources.ixx">
      <Filter>Исходные файлы</Filter>
    </ClCompile>
    <ClCompile Include="Source\Application\Resources\Resources.cpp">
      <Filter>Исходные файлы</Filter>
    </ClCompile>
    <ClCompile Include="Source\Application\Resources\ResourcesIdentification.ixx">
      <Filter>Исходные файлы</Filter>
    </ClCompile>
    <ClCompile Include="Source\Application\Interface\Button\OptionsButton\OptionsButton.ixx">
      <Filter>Исходные файлы</Filter>
    </ClCompile>
    <ClCompile Include="Source\Application\Interface\Button\OptionsButton\OptionsButton.cpp">
      <Filter>Исходные файлы</Filter>
    </ClCompile>
    <ClCompile Include="Source\Application\Interface\Button\TextButton\TextButton.ixx">
      <Filter>Исходные файлы</Filter>
    </ClCompile>
    <ClCompile Include="Source\Application\Interface\Button\TextButton\TextButton.cpp">
      <Filter>Исходные файлы</Filter>
    </ClCompile>
    <ClCompile Include="Source\Application\Scene\SceneManager\SceneManager.ixx">
      <Filter>Исходные файлы</Filter>
    </ClCompile>
    <ClCompile Include="Source\Application\Scene\SceneManager\SceneManager.cpp">
      <Filter>Исходные файлы</Filter>
    </ClCompile>
    <ClCompile Include="Source\Application\Scene\Scene.ixx">
      <Filter>Исходные файлы</Filter>
    </ClCompile>
    <ClCompile Include="Source\Application\Scene\Scene.cpp">
      <Filter>Исходные файлы</Filter>
    </ClCompile>
    <ClCompile Include="Source\Application\Scene\SceneStorage\Game\Game.ixx">
      <Filter>Исходные файлы</Filter>
    </ClCompile>
    <ClCompile Include="Source\Application\Scene\SceneStorage\Game\Game.cpp">
      <Filter>Исходные файлы</Filter>
    </ClCompile>
    <ClCompile Include="Source\Application\Scene\SceneStorage\Game\Controls\Controls.ixx">
      <Filter>Исходные файлы</Filter>
    </ClCompile>
    <ClCompile Include="Source\Application\Scene\SceneStorage\Game\Controls\Controls.cpp">
      <Filter>Исходные файлы</Filter>
    </ClCompile>
    <ClCompile Include="Source\Application\Scene\SceneStorage\Game\Interface\Interface.ixx">
      <Filter>Исходные файлы</Filter>
    </ClCompile>
    <ClCompile Include="Source\Application\Scene\SceneStorage\Game\Interface\Interface.cpp">
      <Filter>Исходные файлы</Filter>
    </ClCompile>
    <ClCompile Include="Source\Application\Scene\SceneStorage\Game\Interface\InGameMenu\InGameMenu.ixx">
      <Filter>Исходные файлы</Filter>
    </ClCompile>
    <ClCompile Include="Source\Application\Scene\SceneStorage\Game\Interface\InGameMenu\InGameMenu.cpp">
      <Filter>Исходные файлы</Filter>
    </ClCompile>
    <ClCompile Include="Source\Application\Scene\SceneStorage\Game\Render\Camera\Camera.ixx">
      <Filter>Исходные файлы</Filter>
    </ClCompile>
    <ClCompile Include="Source\Application\Scene\SceneStorage\Game\Render\Camera\Camera.cpp">
      <Filter>Исходные файлы</Filter>
    </ClCompile>
    <ClCompile Include="Source\Application\Scene\SceneStorage\Game\TexturePackage\TexturePackage.ixx">
      <Filter>Исходные файлы</Filter>
    </ClCompile>
    <ClCompile Include="Source\Application\Scene\SceneStorage\Game\TexturePackage\TexturePackage.cpp">
      <Filter>Исходные файлы</Filter>
    </ClCompile>
    <ClCompile Include="Source\Application\Scene\SceneStorage\Menus\GenerateWorldMenu\GenerateWorldMenu.ixx">
      <Filter>Исходные файлы</Filter>
    </ClCompile>
    <ClCompile Include="Source\Application\Scene\SceneStorage\Menus\GenerateWorldMenu\GenerateWorldMenu.cpp">
      <Filter>Исходные файлы</Filter>
    </ClCompile>
    <ClCompile Include="Source\World\CreateDirectory\CreateDirectory.cpp">
      <Filter>Исходные файлы</Filter>
    </ClCompile>
    <ClCompile Include="Source\Application\Scene\SceneStorage\Menus\SettingsMenu\SettingsMenu.ixx">
      <Filter>Исходные файлы</Filter>
    </ClCompile>
    <ClCompile Include="Source\Application\Scene\SceneStorage\Menus\SettingsMenu\SettingsMenu.cpp">
      <Filter>Исходные файлы</Filter>
    </ClCompile>
    <ClCompile Include="Source\Application\Interface\Button\WorldButton\WorldButton.ixx">
      <Filter>Исходные файлы</Filter>
    </ClCompile>
    <ClCompile Include="Source\Application\Interface\Button\WorldButton\WorldButton.cpp">
      <Filter>Исходные файлы</Filter>
    </ClCompile>
    <ClCompile Include="Source\Application\Interface\Button\WorldButton\WorldButtonClickIdentification.ixx">
      <Filter>Исходные файлы</Filter>
    </ClCompile>
    <ClCompile Include="Source\Application\Scene\SceneStorage\Menus\WorldSettingsMenu\WorldSettingsMenu.ixx">
      <Filter>Исходные файлы</Filter>
    </ClCompile>
    <ClCompile Include="Source\Application\Scene\SceneStorage\Menus\WorldSettingsMenu\WorldSettingsMenu.cpp">
      <Filter>Исходные файлы</Filter>
    </ClCompile>
    <ClCompile Include="Source\Application\Scene\SceneStorage\Menus\WorldSettingsMenu\DeleteWorld\DeleteWorld.ixx">
      <Filter>Исходные файлы</Filter>
    </ClCompile>
    <ClCompile Include="Source\Application\Scene\SceneStorage\Menus\WorldSettingsMenu\DeleteWorld\DeleteWorld.cpp">
      <Filter>Исходные файлы</Filter>
    </ClCompile>
    <ClCompile Include="Source\Application\Scene\SceneStorage\Menus\SingleplayerMenu\SingleplayerMenu.cpp">
      <Filter>Исходные файлы</Filter>
    </ClCompile>
    <ClCompile Include="Source\Application\Scene\SceneStorage\Menus\SingleplayerMenu\SingleplayerMenu.ixx">
      <Filter>Исходные файлы</Filter>
    </ClCompile>
    <ClCompile Include="Source\Application\Scene\SceneStorage\Menus\MainMenu\MainMenu.ixx">
      <Filter>Исходные файлы</Filter>
    </ClCompile>
    <ClCompile Include="Source\Application\Scene\SceneStorage\Menus\MainMenu\MainMenu.cpp">
      <Filter>Исходные файлы</Filter>
    </ClCompile>
    <ClCompile Include="Source\Application\Application.ixx">
      <Filter>Исходные файлы</Filter>
    </ClCompile>
    <ClCompile Include="Source\Application\Application.cpp">
      <Filter>Исходные файлы</Filter>
    </ClCompile>
    <ClCompile Include="Source\World\DeleteDirectory\DeleteDirectory.cpp">
      <Filter>Исходные файлы</Filter>
    </ClCompile>
    <ClCompile Include="Source\World\Entity\EntityAI\EntityAI.ixx">
      <Filter>Исходные файлы</Filter>
    </ClCompile>
    <ClCompile Include="Source\World\Entity\EntityAI\EntityAI.cpp">
      <Filter>Исходные файлы</Filter>
    </ClCompile>
    <ClCompile Include="Source\Application\Scene\SceneStorage\Game\Render\Render.cpp">
      <Filter>Исходные файлы</Filter>
    </ClCompile>
    <ClCompile Include="Source\Application\Scene\SceneStorage\Game\Render\Render.ixx">
      <Filter>Исходные файлы</Filter>
    </ClCompile>
  </ItemGroup>
  <ItemGroup>
    <Text Include="Source\settings.txt" />
  </ItemGroup>
</Project>